// !$*UTF8*$!
{
	archiveVersion = 1;
	classes = {
	};
	objectVersion = 52;
	objects = {

/* Begin PBXBuildFile section */
		AC447E4B271FD86200B434F4 /* ReservaGuiaView.swift in Sources */ = {isa = PBXBuildFile; fileRef = AC447E4A271FD86200B434F4 /* ReservaGuiaView.swift */; };
		AC447E4E271FD8FA00B434F4 /* ReservaViewModel.swift in Sources */ = {isa = PBXBuildFile; fileRef = AC447E4D271FD8FA00B434F4 /* ReservaViewModel.swift */; };
		AC5F5B302719EB72001AB3DD /* BlurView.swift in Sources */ = {isa = PBXBuildFile; fileRef = AC5F5B2F2719EB72001AB3DD /* BlurView.swift */; };
		ACD2901526E5E1050053CF6D /* RecorridosVirtuales.swift in Sources */ = {isa = PBXBuildFile; fileRef = ACD2901426E5E1050053CF6D /* RecorridosVirtuales.swift */; };
		ACD2901826E5E1F20053CF6D /* RVModel.swift in Sources */ = {isa = PBXBuildFile; fileRef = ACD2901726E5E1F20053CF6D /* RVModel.swift */; };
		ACD2901B26E5E6920053CF6D /* RVView.swift in Sources */ = {isa = PBXBuildFile; fileRef = ACD2901A26E5E6920053CF6D /* RVView.swift */; };
		ACE49D102720865500D8A512 /* ReservasModel.swift in Sources */ = {isa = PBXBuildFile; fileRef = ACE49D0F2720865500D8A512 /* ReservasModel.swift */; };
		AF9E355126E83B2000DC1DB1 /* ReservaRestauranteView.swift in Sources */ = {isa = PBXBuildFile; fileRef = AF9E355026E83B2000DC1DB1 /* ReservaRestauranteView.swift */; };
		AF9E355426E83B4A00DC1DB1 /* ComprarBoletosView.swift in Sources */ = {isa = PBXBuildFile; fileRef = AF9E355326E83B4A00DC1DB1 /* ComprarBoletosView.swift */; };
		CB11FA52270BB7EC00C6AD66 /* SignUpView.swift in Sources */ = {isa = PBXBuildFile; fileRef = CB11FA51270BB7EC00C6AD66 /* SignUpView.swift */; };
		CB28B3D4270E6EBF0027DBA0 /* SDWebImageSwiftUI in Frameworks */ = {isa = PBXBuildFile; productRef = CB28B3D3270E6EBF0027DBA0 /* SDWebImageSwiftUI */; };
		CB55A22C26DBC858001F88E3 /* AppMarcoApp.swift in Sources */ = {isa = PBXBuildFile; fileRef = CB55A22B26DBC858001F88E3 /* AppMarcoApp.swift */; };
		CB55A22E26DBC858001F88E3 /* MainView.swift in Sources */ = {isa = PBXBuildFile; fileRef = CB55A22D26DBC858001F88E3 /* MainView.swift */; };
		CB55A23026DBC858001F88E3 /* Assets.xcassets in Resources */ = {isa = PBXBuildFile; fileRef = CB55A22F26DBC858001F88E3 /* Assets.xcassets */; };
		CB55A23326DBC858001F88E3 /* Preview Assets.xcassets in Resources */ = {isa = PBXBuildFile; fileRef = CB55A23226DBC858001F88E3 /* Preview Assets.xcassets */; };
		CB6A6D7626E6CCB800A3E685 /* MapView.swift in Sources */ = {isa = PBXBuildFile; fileRef = CB6A6D7526E6CCB800A3E685 /* MapView.swift */; };
		CB6A6D7926E6D09F00A3E685 /* MapLocation.swift in Sources */ = {isa = PBXBuildFile; fileRef = CB6A6D7826E6D09F00A3E685 /* MapLocation.swift */; };
		CB8717A82708CD9100BA5F2B /* LoginViewModel.swift in Sources */ = {isa = PBXBuildFile; fileRef = CB8717A72708CD9100BA5F2B /* LoginViewModel.swift */; };
		CB8717AB2708CE4200BA5F2B /* WebService.swift in Sources */ = {isa = PBXBuildFile; fileRef = CB8717AA2708CE4200BA5F2B /* WebService.swift */; };
		CB8831BB26E2AB0E0070FAD1 /* NavBarApperanceModifier.swift in Sources */ = {isa = PBXBuildFile; fileRef = CB8831BA26E2AB0E0070FAD1 /* NavBarApperanceModifier.swift */; };
		CBA3F02D26FCECFD00260594 /* AccountView.swift in Sources */ = {isa = PBXBuildFile; fileRef = CBA3F02C26FCECFD00260594 /* AccountView.swift */; };
		CBA5659226E686B4003883CC /* Expos.swift in Sources */ = {isa = PBXBuildFile; fileRef = CBA5659126E686B4003883CC /* Expos.swift */; };
		CBA5659B26E68740003883CC /* ExpoViewModel.swift in Sources */ = {isa = PBXBuildFile; fileRef = CBA5659A26E68740003883CC /* ExpoViewModel.swift */; };
		CBFAFA6D26E2DDE400082696 /* LoginView.swift in Sources */ = {isa = PBXBuildFile; fileRef = CBFAFA6C26E2DDE400082696 /* LoginView.swift */; };
		DFBDED5F271C8E13008E2A39 /* Model.xcdatamodeld in Sources */ = {isa = PBXBuildFile; fileRef = DFBDED5D271C8E13008E2A39 /* Model.xcdatamodeld */; };
		DFBDED61271C8E4E008E2A39 /* Persistence.swift in Sources */ = {isa = PBXBuildFile; fileRef = DFBDED60271C8E4E008E2A39 /* Persistence.swift */; };
		DFBDED64271C9132008E2A39 /* ExposFavoritas+CoreDataClass.swift in Sources */ = {isa = PBXBuildFile; fileRef = DFBDED62271C9132008E2A39 /* ExposFavoritas+CoreDataClass.swift */; };
		DFBDED65271C9132008E2A39 /* ExposFavoritas+CoreDataProperties.swift in Sources */ = {isa = PBXBuildFile; fileRef = DFBDED63271C9132008E2A39 /* ExposFavoritas+CoreDataProperties.swift */; };
		DFBDED67271C95D6008E2A39 /* FavoritosView.swift in Sources */ = {isa = PBXBuildFile; fileRef = DFBDED66271C95D6008E2A39 /* FavoritosView.swift */; };
		DFBDED69271C96B7008E2A39 /* FavoritosDetailView.swift in Sources */ = {isa = PBXBuildFile; fileRef = DFBDED68271C96B7008E2A39 /* FavoritosDetailView.swift */; };
		DFBDED6D271C9BD5008E2A39 /* AddToFavoritosView.swift in Sources */ = {isa = PBXBuildFile; fileRef = DFBDED6C271C9BD5008E2A39 /* AddToFavoritosView.swift */; };
		DFBDED6F271CA1B6008E2A39 /* Extensions.swift in Sources */ = {isa = PBXBuildFile; fileRef = DFBDED6E271CA1B6008E2A39 /* Extensions.swift */; };
		F3689081271FD9EE0011137F /* AudioManagerViewModel.swift in Sources */ = {isa = PBXBuildFile; fileRef = F3689080271FD9EE0011137F /* AudioManagerViewModel.swift */; };
		F36BAA25271D162800980302 /* EventosView.swift in Sources */ = {isa = PBXBuildFile; fileRef = F36BAA24271D162800980302 /* EventosView.swift */; };
		F36BAA28271D47DA00980302 /* Eventos.swift in Sources */ = {isa = PBXBuildFile; fileRef = F36BAA27271D47DA00980302 /* Eventos.swift */; };
		F3A6089A271F24EF0091048E /* EventoDetailView.swift in Sources */ = {isa = PBXBuildFile; fileRef = F3A60899271F24EF0091048E /* EventoDetailView.swift */; };
		F3CB958126E828FA0078258C /* ExposDetailView.swift in Sources */ = {isa = PBXBuildFile; fileRef = F3CB958026E828FA0078258C /* ExposDetailView.swift */; };
		F3E80089271E6C0C00AB3334 /* EventosViewModel.swift in Sources */ = {isa = PBXBuildFile; fileRef = F3E80088271E6C0C00AB3334 /* EventosViewModel.swift */; };
		FB054D7526DFFC960080CF93 /* HomeView.swift in Sources */ = {isa = PBXBuildFile; fileRef = FB054D7426DFFC960080CF93 /* HomeView.swift */; };
		FB054D7726E0008A0080CF93 /* ExposView.swift in Sources */ = {isa = PBXBuildFile; fileRef = FB054D7626E0008A0080CF93 /* ExposView.swift */; };
		FB054D7926E000920080CF93 /* BoletosView.swift in Sources */ = {isa = PBXBuildFile; fileRef = FB054D7826E000920080CF93 /* BoletosView.swift */; };
		FB054D7B26E0009B0080CF93 /* TiendaView.swift in Sources */ = {isa = PBXBuildFile; fileRef = FB054D7A26E0009B0080CF93 /* TiendaView.swift */; };
		FB054D7D26E000A30080CF93 /* MarcoView.swift in Sources */ = {isa = PBXBuildFile; fileRef = FB054D7C26E000A30080CF93 /* MarcoView.swift */; };
		FB9B68A626E67C3E00BCC7CF /* RobotoSlab-Medium.ttf in Resources */ = {isa = PBXBuildFile; fileRef = FB9B68A526E67C3D00BCC7CF /* RobotoSlab-Medium.ttf */; };
		FB9B68A826E67C5100BCC7CF /* RobotoSlab-Thin.ttf in Resources */ = {isa = PBXBuildFile; fileRef = FB9B68A726E67C5100BCC7CF /* RobotoSlab-Thin.ttf */; };
		FB9B68AC26E67C9A00BCC7CF /* WebView.swift in Sources */ = {isa = PBXBuildFile; fileRef = FB9B68AB26E67C9A00BCC7CF /* WebView.swift */; };
/* End PBXBuildFile section */

/* Begin PBXFileReference section */
		AC447E4A271FD86200B434F4 /* ReservaGuiaView.swift */ = {isa = PBXFileReference; lastKnownFileType = sourcecode.swift; path = ReservaGuiaView.swift; sourceTree = "<group>"; };
		AC447E4D271FD8FA00B434F4 /* ReservaViewModel.swift */ = {isa = PBXFileReference; lastKnownFileType = sourcecode.swift; path = ReservaViewModel.swift; sourceTree = "<group>"; };
		AC5F5B2F2719EB72001AB3DD /* BlurView.swift */ = {isa = PBXFileReference; lastKnownFileType = sourcecode.swift; path = BlurView.swift; sourceTree = "<group>"; };
		ACD2901426E5E1050053CF6D /* RecorridosVirtuales.swift */ = {isa = PBXFileReference; lastKnownFileType = sourcecode.swift; name = RecorridosVirtuales.swift; path = AppMarco/Models/RecorridosVirtuales.swift; sourceTree = SOURCE_ROOT; };
		ACD2901726E5E1F20053CF6D /* RVModel.swift */ = {isa = PBXFileReference; lastKnownFileType = sourcecode.swift; name = RVModel.swift; path = AppMarco/Models/RVModel.swift; sourceTree = SOURCE_ROOT; };
		ACD2901A26E5E6920053CF6D /* RVView.swift */ = {isa = PBXFileReference; lastKnownFileType = sourcecode.swift; path = RVView.swift; sourceTree = "<group>"; };
		ACE49D0F2720865500D8A512 /* ReservasModel.swift */ = {isa = PBXFileReference; lastKnownFileType = sourcecode.swift; path = ReservasModel.swift; sourceTree = "<group>"; };
		AF9E355026E83B2000DC1DB1 /* ReservaRestauranteView.swift */ = {isa = PBXFileReference; lastKnownFileType = sourcecode.swift; path = ReservaRestauranteView.swift; sourceTree = "<group>"; };
		AF9E355326E83B4A00DC1DB1 /* ComprarBoletosView.swift */ = {isa = PBXFileReference; lastKnownFileType = sourcecode.swift; path = ComprarBoletosView.swift; sourceTree = "<group>"; };
		CB11FA51270BB7EC00C6AD66 /* SignUpView.swift */ = {isa = PBXFileReference; lastKnownFileType = sourcecode.swift; path = SignUpView.swift; sourceTree = "<group>"; };
		CB55A22826DBC858001F88E3 /* AppMarco.app */ = {isa = PBXFileReference; explicitFileType = wrapper.application; includeInIndex = 0; path = AppMarco.app; sourceTree = BUILT_PRODUCTS_DIR; };
		CB55A22B26DBC858001F88E3 /* AppMarcoApp.swift */ = {isa = PBXFileReference; lastKnownFileType = sourcecode.swift; path = AppMarcoApp.swift; sourceTree = "<group>"; };
		CB55A22D26DBC858001F88E3 /* MainView.swift */ = {isa = PBXFileReference; lastKnownFileType = sourcecode.swift; path = MainView.swift; sourceTree = "<group>"; };
		CB55A22F26DBC858001F88E3 /* Assets.xcassets */ = {isa = PBXFileReference; lastKnownFileType = folder.assetcatalog; path = Assets.xcassets; sourceTree = "<group>"; };
		CB55A23226DBC858001F88E3 /* Preview Assets.xcassets */ = {isa = PBXFileReference; lastKnownFileType = folder.assetcatalog; path = "Preview Assets.xcassets"; sourceTree = "<group>"; };
		CB55A23426DBC858001F88E3 /* Info.plist */ = {isa = PBXFileReference; lastKnownFileType = text.plist.xml; path = Info.plist; sourceTree = "<group>"; };
		CB6A6D7526E6CCB800A3E685 /* MapView.swift */ = {isa = PBXFileReference; fileEncoding = 4; lastKnownFileType = sourcecode.swift; path = MapView.swift; sourceTree = "<group>"; };
		CB6A6D7826E6D09F00A3E685 /* MapLocation.swift */ = {isa = PBXFileReference; lastKnownFileType = sourcecode.swift; path = MapLocation.swift; sourceTree = "<group>"; };
		CB8717A72708CD9100BA5F2B /* LoginViewModel.swift */ = {isa = PBXFileReference; lastKnownFileType = sourcecode.swift; path = LoginViewModel.swift; sourceTree = "<group>"; };
		CB8717AA2708CE4200BA5F2B /* WebService.swift */ = {isa = PBXFileReference; lastKnownFileType = sourcecode.swift; path = WebService.swift; sourceTree = "<group>"; };
		CB8831BA26E2AB0E0070FAD1 /* NavBarApperanceModifier.swift */ = {isa = PBXFileReference; lastKnownFileType = sourcecode.swift; path = NavBarApperanceModifier.swift; sourceTree = "<group>"; };
		CBA3F02C26FCECFD00260594 /* AccountView.swift */ = {isa = PBXFileReference; lastKnownFileType = sourcecode.swift; path = AccountView.swift; sourceTree = "<group>"; };
		CBA5659126E686B4003883CC /* Expos.swift */ = {isa = PBXFileReference; lastKnownFileType = sourcecode.swift; path = Expos.swift; sourceTree = "<group>"; };
		CBA5659A26E68740003883CC /* ExpoViewModel.swift */ = {isa = PBXFileReference; lastKnownFileType = sourcecode.swift; path = ExpoViewModel.swift; sourceTree = "<group>"; };
		CBFAFA6C26E2DDE400082696 /* LoginView.swift */ = {isa = PBXFileReference; lastKnownFileType = sourcecode.swift; path = LoginView.swift; sourceTree = "<group>"; };
		DFBDED5E271C8E13008E2A39 /* Model.xcdatamodel */ = {isa = PBXFileReference; lastKnownFileType = wrapper.xcdatamodel; path = Model.xcdatamodel; sourceTree = "<group>"; };
		DFBDED60271C8E4E008E2A39 /* Persistence.swift */ = {isa = PBXFileReference; fileEncoding = 4; lastKnownFileType = sourcecode.swift; path = Persistence.swift; sourceTree = "<group>"; };
		DFBDED62271C9132008E2A39 /* ExposFavoritas+CoreDataClass.swift */ = {isa = PBXFileReference; lastKnownFileType = sourcecode.swift; path = "ExposFavoritas+CoreDataClass.swift"; sourceTree = "<group>"; };
		DFBDED63271C9132008E2A39 /* ExposFavoritas+CoreDataProperties.swift */ = {isa = PBXFileReference; lastKnownFileType = sourcecode.swift; path = "ExposFavoritas+CoreDataProperties.swift"; sourceTree = "<group>"; };
		DFBDED66271C95D6008E2A39 /* FavoritosView.swift */ = {isa = PBXFileReference; lastKnownFileType = sourcecode.swift; path = FavoritosView.swift; sourceTree = "<group>"; };
		DFBDED68271C96B7008E2A39 /* FavoritosDetailView.swift */ = {isa = PBXFileReference; lastKnownFileType = sourcecode.swift; path = FavoritosDetailView.swift; sourceTree = "<group>"; };
		DFBDED6C271C9BD5008E2A39 /* AddToFavoritosView.swift */ = {isa = PBXFileReference; lastKnownFileType = sourcecode.swift; path = AddToFavoritosView.swift; sourceTree = "<group>"; };
		DFBDED6E271CA1B6008E2A39 /* Extensions.swift */ = {isa = PBXFileReference; lastKnownFileType = sourcecode.swift; path = Extensions.swift; sourceTree = "<group>"; };
		F3689080271FD9EE0011137F /* AudioManagerViewModel.swift */ = {isa = PBXFileReference; lastKnownFileType = sourcecode.swift; path = AudioManagerViewModel.swift; sourceTree = "<group>"; };
		F36BAA24271D162800980302 /* EventosView.swift */ = {isa = PBXFileReference; lastKnownFileType = sourcecode.swift; path = EventosView.swift; sourceTree = "<group>"; };
		F36BAA27271D47DA00980302 /* Eventos.swift */ = {isa = PBXFileReference; lastKnownFileType = sourcecode.swift; path = Eventos.swift; sourceTree = "<group>"; };
		F3A60899271F24EF0091048E /* EventoDetailView.swift */ = {isa = PBXFileReference; lastKnownFileType = sourcecode.swift; path = EventoDetailView.swift; sourceTree = "<group>"; };
		F3CB958026E828FA0078258C /* ExposDetailView.swift */ = {isa = PBXFileReference; lastKnownFileType = sourcecode.swift; path = ExposDetailView.swift; sourceTree = "<group>"; };
		F3E80088271E6C0C00AB3334 /* EventosViewModel.swift */ = {isa = PBXFileReference; lastKnownFileType = sourcecode.swift; path = EventosViewModel.swift; sourceTree = "<group>"; };
		FB054D7426DFFC960080CF93 /* HomeView.swift */ = {isa = PBXFileReference; lastKnownFileType = sourcecode.swift; path = HomeView.swift; sourceTree = "<group>"; };
		FB054D7626E0008A0080CF93 /* ExposView.swift */ = {isa = PBXFileReference; lastKnownFileType = sourcecode.swift; path = ExposView.swift; sourceTree = "<group>"; };
		FB054D7826E000920080CF93 /* BoletosView.swift */ = {isa = PBXFileReference; lastKnownFileType = sourcecode.swift; path = BoletosView.swift; sourceTree = "<group>"; };
		FB054D7A26E0009B0080CF93 /* TiendaView.swift */ = {isa = PBXFileReference; lastKnownFileType = sourcecode.swift; path = TiendaView.swift; sourceTree = "<group>"; };
		FB054D7C26E000A30080CF93 /* MarcoView.swift */ = {isa = PBXFileReference; lastKnownFileType = sourcecode.swift; path = MarcoView.swift; sourceTree = "<group>"; };
		FB9B68A526E67C3D00BCC7CF /* RobotoSlab-Medium.ttf */ = {isa = PBXFileReference; lastKnownFileType = file; path = "RobotoSlab-Medium.ttf"; sourceTree = "<group>"; };
		FB9B68A726E67C5100BCC7CF /* RobotoSlab-Thin.ttf */ = {isa = PBXFileReference; lastKnownFileType = file; path = "RobotoSlab-Thin.ttf"; sourceTree = "<group>"; };
		FB9B68AB26E67C9A00BCC7CF /* WebView.swift */ = {isa = PBXFileReference; fileEncoding = 4; lastKnownFileType = sourcecode.swift; path = WebView.swift; sourceTree = "<group>"; };
/* End PBXFileReference section */

/* Begin PBXFrameworksBuildPhase section */
		CB55A22526DBC858001F88E3 /* Frameworks */ = {
			isa = PBXFrameworksBuildPhase;
			buildActionMask = 2147483647;
			files = (
				CB28B3D4270E6EBF0027DBA0 /* SDWebImageSwiftUI in Frameworks */,
			);
			runOnlyForDeploymentPostprocessing = 0;
		};
/* End PBXFrameworksBuildPhase section */

/* Begin PBXGroup section */
		ACD2900C26E5D12A0053CF6D /* Fonts */ = {
			isa = PBXGroup;
			children = (
				FB9B68A726E67C5100BCC7CF /* RobotoSlab-Thin.ttf */,
				FB9B68A526E67C3D00BCC7CF /* RobotoSlab-Medium.ttf */,
			);
			path = Fonts;
			sourceTree = "<group>";
		};
		CB11FA4F270BACD800C6AD66 /* Web */ = {
			isa = PBXGroup;
			children = (
				FB9B68AB26E67C9A00BCC7CF /* WebView.swift */,
			);
			path = Web;
			sourceTree = "<group>";
		};
		CB55A21F26DBC858001F88E3 = {
			isa = PBXGroup;
			children = (
				CB55A22A26DBC858001F88E3 /* AppMarco */,
				CB55A22926DBC858001F88E3 /* Products */,
			);
			sourceTree = "<group>";
		};
		CB55A22926DBC858001F88E3 /* Products */ = {
			isa = PBXGroup;
			children = (
				CB55A22826DBC858001F88E3 /* AppMarco.app */,
			);
			name = Products;
			sourceTree = "<group>";
		};
		CB55A22A26DBC858001F88E3 /* AppMarco */ = {
			isa = PBXGroup;
			children = (
				DFBDED5C271C8DFC008E2A39 /* Core Data */,
				ACD2900C26E5D12A0053CF6D /* Fonts */,
				FB9B68AD26E67CB000BCC7CF /* Models */,
				CBFAFA6A26E2DD5F00082696 /* Modifiers */,
				CB11FA4F270BACD800C6AD66 /* Web */,
				CB8717A32708CB1A00BA5F2B /* Services */,
				CB9035412708EBED00B12866 /* Views */,
				CB8717A52708CB4E00BA5F2B /* ViewModels */,
				CB55A22B26DBC858001F88E3 /* AppMarcoApp.swift */,
				CB55A22F26DBC858001F88E3 /* Assets.xcassets */,
				CB55A23426DBC858001F88E3 /* Info.plist */,
				CB55A23126DBC858001F88E3 /* Preview Content */,
				DFBDED6E271CA1B6008E2A39 /* Extensions.swift */,
			);
			path = AppMarco;
			sourceTree = "<group>";
		};
		CB55A23126DBC858001F88E3 /* Preview Content */ = {
			isa = PBXGroup;
			children = (
				CB55A23226DBC858001F88E3 /* Preview Assets.xcassets */,
			);
			path = "Preview Content";
			sourceTree = "<group>";
		};
		CB8717A32708CB1A00BA5F2B /* Services */ = {
			isa = PBXGroup;
			children = (
				CB8717AA2708CE4200BA5F2B /* WebService.swift */,
			);
			path = Services;
			sourceTree = "<group>";
		};
		CB8717A42708CB3400BA5F2B /* Login */ = {
			isa = PBXGroup;
			children = (
				CBFAFA6C26E2DDE400082696 /* LoginView.swift */,
				CB11FA51270BB7EC00C6AD66 /* SignUpView.swift */,
			);
			path = Login;
			sourceTree = "<group>";
		};
		CB8717A52708CB4E00BA5F2B /* ViewModels */ = {
			isa = PBXGroup;
			children = (
				CBA5659A26E68740003883CC /* ExpoViewModel.swift */,
				F3E80088271E6C0C00AB3334 /* EventosViewModel.swift */,
				F3689080271FD9EE0011137F /* AudioManagerViewModel.swift */,
				CB8717A72708CD9100BA5F2B /* LoginViewModel.swift */,
			);
			path = ViewModels;
			sourceTree = "<group>";
		};
		CB9035412708EBED00B12866 /* Views */ = {
			isa = PBXGroup;
			children = (
				CB9035462708ECCB00B12866 /* Account */,
				CB9035442708EC8000B12866 /* Boletos */,
				CB9035432708EC7100B12866 /* Expos */,
				CB9035422708EC3200B12866 /* Home */,
				CB8717A42708CB3400BA5F2B /* Login */,
				CB9035452708ECA000B12866 /* Marco */,
				CB55A22D26DBC858001F88E3 /* MainView.swift */,
			);
			path = Views;
			sourceTree = "<group>";
		};
		CB9035422708EC3200B12866 /* Home */ = {
			isa = PBXGroup;
			children = (
				ACD2901A26E5E6920053CF6D /* RVView.swift */,
				FB054D7A26E0009B0080CF93 /* TiendaView.swift */,
				FB054D7426DFFC960080CF93 /* HomeView.swift */,
				F36BAA24271D162800980302 /* EventosView.swift */,
				F3A60899271F24EF0091048E /* EventoDetailView.swift */,
			);
			path = Home;
			sourceTree = "<group>";
		};
		CB9035432708EC7100B12866 /* Expos */ = {
			isa = PBXGroup;
			children = (
				FB054D7626E0008A0080CF93 /* ExposView.swift */,
				F3CB958026E828FA0078258C /* ExposDetailView.swift */,
				DFBDED6C271C9BD5008E2A39 /* AddToFavoritosView.swift */,
			);
			path = Expos;
			sourceTree = "<group>";
		};
		CB9035442708EC8000B12866 /* Boletos */ = {
			isa = PBXGroup;
			children = (
				AF9E355026E83B2000DC1DB1 /* ReservaRestauranteView.swift */,
				AF9E355326E83B4A00DC1DB1 /* ComprarBoletosView.swift */,
				FB054D7826E000920080CF93 /* BoletosView.swift */,
				AC447E4A271FD86200B434F4 /* ReservaGuiaView.swift */,
			);
			path = Boletos;
			sourceTree = "<group>";
		};
		CB9035452708ECA000B12866 /* Marco */ = {
			isa = PBXGroup;
			children = (
				FB054D7C26E000A30080CF93 /* MarcoView.swift */,
				CB6A6D7526E6CCB800A3E685 /* MapView.swift */,
			);
			path = Marco;
			sourceTree = "<group>";
		};
		CB9035462708ECCB00B12866 /* Account */ = {
			isa = PBXGroup;
			children = (
				AC5F5B2F2719EB72001AB3DD /* BlurView.swift */,
				CBA3F02C26FCECFD00260594 /* AccountView.swift */,
			);
			path = Account;
			sourceTree = "<group>";
		};
		CBFAFA6A26E2DD5F00082696 /* Modifiers */ = {
			isa = PBXGroup;
			children = (
				CB8831BA26E2AB0E0070FAD1 /* NavBarApperanceModifier.swift */,
			);
			path = Modifiers;
			sourceTree = "<group>";
		};
		DFBDED5C271C8DFC008E2A39 /* Core Data */ = {
			isa = PBXGroup;
			children = (
				DFBDED60271C8E4E008E2A39 /* Persistence.swift */,
				DFBDED5D271C8E13008E2A39 /* Model.xcdatamodeld */,
				DFBDED62271C9132008E2A39 /* ExposFavoritas+CoreDataClass.swift */,
				DFBDED63271C9132008E2A39 /* ExposFavoritas+CoreDataProperties.swift */,
				DFBDED66271C95D6008E2A39 /* FavoritosView.swift */,
				DFBDED68271C96B7008E2A39 /* FavoritosDetailView.swift */,
			);
			path = "Core Data";
			sourceTree = "<group>";
		};
		FB9B68AD26E67CB000BCC7CF /* Models */ = {
			isa = PBXGroup;
			children = (
				CBA5659126E686B4003883CC /* Expos.swift */,
				F36BAA27271D47DA00980302 /* Eventos.swift */,
				ACD2901726E5E1F20053CF6D /* RVModel.swift */,
				ACD2901426E5E1050053CF6D /* RecorridosVirtuales.swift */,
				CB6A6D7826E6D09F00A3E685 /* MapLocation.swift */,
				AC447E4D271FD8FA00B434F4 /* ReservaViewModel.swift */,
				ACE49D0F2720865500D8A512 /* ReservasModel.swift */,
			);
			path = Models;
			sourceTree = "<group>";
		};
/* End PBXGroup section */

/* Begin PBXNativeTarget section */
		CB55A22726DBC858001F88E3 /* AppMarco */ = {
			isa = PBXNativeTarget;
			buildConfigurationList = CB55A23726DBC858001F88E3 /* Build configuration list for PBXNativeTarget "AppMarco" */;
			buildPhases = (
				CB55A22426DBC858001F88E3 /* Sources */,
				CB55A22526DBC858001F88E3 /* Frameworks */,
				CB55A22626DBC858001F88E3 /* Resources */,
			);
			buildRules = (
			);
			dependencies = (
			);
			name = AppMarco;
			packageProductDependencies = (
				CB28B3D3270E6EBF0027DBA0 /* SDWebImageSwiftUI */,
			);
			productName = AppMarco;
			productReference = CB55A22826DBC858001F88E3 /* AppMarco.app */;
			productType = "com.apple.product-type.application";
		};
/* End PBXNativeTarget section */

/* Begin PBXProject section */
		CB55A22026DBC858001F88E3 /* Project object */ = {
			isa = PBXProject;
			attributes = {
				LastSwiftUpdateCheck = 1240;
				LastUpgradeCheck = 1240;
				TargetAttributes = {
					CB55A22726DBC858001F88E3 = {
						CreatedOnToolsVersion = 12.4;
					};
				};
			};
			buildConfigurationList = CB55A22326DBC858001F88E3 /* Build configuration list for PBXProject "AppMarco" */;
			compatibilityVersion = "Xcode 9.3";
			developmentRegion = en;
			hasScannedForEncodings = 0;
			knownRegions = (
				en,
				Base,
			);
			mainGroup = CB55A21F26DBC858001F88E3;
			packageReferences = (
				CB28B3D2270E6EBF0027DBA0 /* XCRemoteSwiftPackageReference "SDWebImageSwiftUI" */,
			);
			productRefGroup = CB55A22926DBC858001F88E3 /* Products */;
			projectDirPath = "";
			projectRoot = "";
			targets = (
				CB55A22726DBC858001F88E3 /* AppMarco */,
			);
		};
/* End PBXProject section */

/* Begin PBXResourcesBuildPhase section */
		CB55A22626DBC858001F88E3 /* Resources */ = {
			isa = PBXResourcesBuildPhase;
			buildActionMask = 2147483647;
			files = (
				CB55A23326DBC858001F88E3 /* Preview Assets.xcassets in Resources */,
				CB55A23026DBC858001F88E3 /* Assets.xcassets in Resources */,
				FB9B68A826E67C5100BCC7CF /* RobotoSlab-Thin.ttf in Resources */,
				FB9B68A626E67C3E00BCC7CF /* RobotoSlab-Medium.ttf in Resources */,
			);
			runOnlyForDeploymentPostprocessing = 0;
		};
/* End PBXResourcesBuildPhase section */

/* Begin PBXSourcesBuildPhase section */
		CB55A22426DBC858001F88E3 /* Sources */ = {
			isa = PBXSourcesBuildPhase;
			buildActionMask = 2147483647;
			files = (
				CB8831BB26E2AB0E0070FAD1 /* NavBarApperanceModifier.swift in Sources */,
				CBA5659226E686B4003883CC /* Expos.swift in Sources */,
				CB8717A82708CD9100BA5F2B /* LoginViewModel.swift in Sources */,
				FB054D7726E0008A0080CF93 /* ExposView.swift in Sources */,
				CB11FA52270BB7EC00C6AD66 /* SignUpView.swift in Sources */,
				DFBDED65271C9132008E2A39 /* ExposFavoritas+CoreDataProperties.swift in Sources */,
				F3CB958126E828FA0078258C /* ExposDetailView.swift in Sources */,
				F3A6089A271F24EF0091048E /* EventoDetailView.swift in Sources */,
				FB9B68AC26E67C9A00BCC7CF /* WebView.swift in Sources */,
				F3689081271FD9EE0011137F /* AudioManagerViewModel.swift in Sources */,
				FB054D7B26E0009B0080CF93 /* TiendaView.swift in Sources */,
				ACE49D102720865500D8A512 /* ReservasModel.swift in Sources */,
				CBFAFA6D26E2DDE400082696 /* LoginView.swift in Sources */,
				DFBDED61271C8E4E008E2A39 /* Persistence.swift in Sources */,
				F36BAA25271D162800980302 /* EventosView.swift in Sources */,
				DFBDED69271C96B7008E2A39 /* FavoritosDetailView.swift in Sources */,
				FB054D7D26E000A30080CF93 /* MarcoView.swift in Sources */,
				F36BAA28271D47DA00980302 /* Eventos.swift in Sources */,
				ACD2901526E5E1050053CF6D /* RecorridosVirtuales.swift in Sources */,
				DFBDED5F271C8E13008E2A39 /* Model.xcdatamodeld in Sources */,
				CB8717AB2708CE4200BA5F2B /* WebService.swift in Sources */,
				AC5F5B302719EB72001AB3DD /* BlurView.swift in Sources */,
				CB6A6D7626E6CCB800A3E685 /* MapView.swift in Sources */,
				AF9E355426E83B4A00DC1DB1 /* ComprarBoletosView.swift in Sources */,
				ACD2901B26E5E6920053CF6D /* RVView.swift in Sources */,
				FB054D7926E000920080CF93 /* BoletosView.swift in Sources */,
				DFBDED64271C9132008E2A39 /* ExposFavoritas+CoreDataClass.swift in Sources */,
				CB55A22E26DBC858001F88E3 /* MainView.swift in Sources */,
				F3E80089271E6C0C00AB3334 /* EventosViewModel.swift in Sources */,
				DFBDED6D271C9BD5008E2A39 /* AddToFavoritosView.swift in Sources */,
				AC447E4B271FD86200B434F4 /* ReservaGuiaView.swift in Sources */,
				FB054D7526DFFC960080CF93 /* HomeView.swift in Sources */,
				AF9E355126E83B2000DC1DB1 /* ReservaRestauranteView.swift in Sources */,
				DFBDED67271C95D6008E2A39 /* FavoritosView.swift in Sources */,
				AC447E4E271FD8FA00B434F4 /* ReservaViewModel.swift in Sources */,
				CBA5659B26E68740003883CC /* ExpoViewModel.swift in Sources */,
				CB55A22C26DBC858001F88E3 /* AppMarcoApp.swift in Sources */,
				CBA3F02D26FCECFD00260594 /* AccountView.swift in Sources */,
				CB6A6D7926E6D09F00A3E685 /* MapLocation.swift in Sources */,
				DFBDED6F271CA1B6008E2A39 /* Extensions.swift in Sources */,
				ACD2901826E5E1F20053CF6D /* RVModel.swift in Sources */,
			);
			runOnlyForDeploymentPostprocessing = 0;
		};
/* End PBXSourcesBuildPhase section */

/* Begin XCBuildConfiguration section */
		CB55A23526DBC858001F88E3 /* Debug */ = {
			isa = XCBuildConfiguration;
			buildSettings = {
				ALWAYS_SEARCH_USER_PATHS = NO;
				CLANG_ANALYZER_NONNULL = YES;
				CLANG_ANALYZER_NUMBER_OBJECT_CONVERSION = YES_AGGRESSIVE;
				CLANG_CXX_LANGUAGE_STANDARD = "gnu++14";
				CLANG_CXX_LIBRARY = "libc++";
				CLANG_ENABLE_MODULES = YES;
				CLANG_ENABLE_OBJC_ARC = YES;
				CLANG_ENABLE_OBJC_WEAK = YES;
				CLANG_WARN_BLOCK_CAPTURE_AUTORELEASING = YES;
				CLANG_WARN_BOOL_CONVERSION = YES;
				CLANG_WARN_COMMA = YES;
				CLANG_WARN_CONSTANT_CONVERSION = YES;
				CLANG_WARN_DEPRECATED_OBJC_IMPLEMENTATIONS = YES;
				CLANG_WARN_DIRECT_OBJC_ISA_USAGE = YES_ERROR;
				CLANG_WARN_DOCUMENTATION_COMMENTS = YES;
				CLANG_WARN_EMPTY_BODY = YES;
				CLANG_WARN_ENUM_CONVERSION = YES;
				CLANG_WARN_INFINITE_RECURSION = YES;
				CLANG_WARN_INT_CONVERSION = YES;
				CLANG_WARN_NON_LITERAL_NULL_CONVERSION = YES;
				CLANG_WARN_OBJC_IMPLICIT_RETAIN_SELF = YES;
				CLANG_WARN_OBJC_LITERAL_CONVERSION = YES;
				CLANG_WARN_OBJC_ROOT_CLASS = YES_ERROR;
				CLANG_WARN_QUOTED_INCLUDE_IN_FRAMEWORK_HEADER = YES;
				CLANG_WARN_RANGE_LOOP_ANALYSIS = YES;
				CLANG_WARN_STRICT_PROTOTYPES = YES;
				CLANG_WARN_SUSPICIOUS_MOVE = YES;
				CLANG_WARN_UNGUARDED_AVAILABILITY = YES_AGGRESSIVE;
				CLANG_WARN_UNREACHABLE_CODE = YES;
				CLANG_WARN__DUPLICATE_METHOD_MATCH = YES;
				COPY_PHASE_STRIP = NO;
				DEBUG_INFORMATION_FORMAT = dwarf;
				ENABLE_STRICT_OBJC_MSGSEND = YES;
				ENABLE_TESTABILITY = YES;
				GCC_C_LANGUAGE_STANDARD = gnu11;
				GCC_DYNAMIC_NO_PIC = NO;
				GCC_NO_COMMON_BLOCKS = YES;
				GCC_OPTIMIZATION_LEVEL = 0;
				GCC_PREPROCESSOR_DEFINITIONS = (
					"DEBUG=1",
					"$(inherited)",
				);
				GCC_WARN_64_TO_32_BIT_CONVERSION = YES;
				GCC_WARN_ABOUT_RETURN_TYPE = YES_ERROR;
				GCC_WARN_UNDECLARED_SELECTOR = YES;
				GCC_WARN_UNINITIALIZED_AUTOS = YES_AGGRESSIVE;
				GCC_WARN_UNUSED_FUNCTION = YES;
				GCC_WARN_UNUSED_VARIABLE = YES;
				IPHONEOS_DEPLOYMENT_TARGET = 14.4;
				MTL_ENABLE_DEBUG_INFO = INCLUDE_SOURCE;
				MTL_FAST_MATH = YES;
				ONLY_ACTIVE_ARCH = YES;
				SDKROOT = iphoneos;
				SWIFT_ACTIVE_COMPILATION_CONDITIONS = DEBUG;
				SWIFT_OPTIMIZATION_LEVEL = "-Onone";
			};
			name = Debug;
		};
		CB55A23626DBC858001F88E3 /* Release */ = {
			isa = XCBuildConfiguration;
			buildSettings = {
				ALWAYS_SEARCH_USER_PATHS = NO;
				CLANG_ANALYZER_NONNULL = YES;
				CLANG_ANALYZER_NUMBER_OBJECT_CONVERSION = YES_AGGRESSIVE;
				CLANG_CXX_LANGUAGE_STANDARD = "gnu++14";
				CLANG_CXX_LIBRARY = "libc++";
				CLANG_ENABLE_MODULES = YES;
				CLANG_ENABLE_OBJC_ARC = YES;
				CLANG_ENABLE_OBJC_WEAK = YES;
				CLANG_WARN_BLOCK_CAPTURE_AUTORELEASING = YES;
				CLANG_WARN_BOOL_CONVERSION = YES;
				CLANG_WARN_COMMA = YES;
				CLANG_WARN_CONSTANT_CONVERSION = YES;
				CLANG_WARN_DEPRECATED_OBJC_IMPLEMENTATIONS = YES;
				CLANG_WARN_DIRECT_OBJC_ISA_USAGE = YES_ERROR;
				CLANG_WARN_DOCUMENTATION_COMMENTS = YES;
				CLANG_WARN_EMPTY_BODY = YES;
				CLANG_WARN_ENUM_CONVERSION = YES;
				CLANG_WARN_INFINITE_RECURSION = YES;
				CLANG_WARN_INT_CONVERSION = YES;
				CLANG_WARN_NON_LITERAL_NULL_CONVERSION = YES;
				CLANG_WARN_OBJC_IMPLICIT_RETAIN_SELF = YES;
				CLANG_WARN_OBJC_LITERAL_CONVERSION = YES;
				CLANG_WARN_OBJC_ROOT_CLASS = YES_ERROR;
				CLANG_WARN_QUOTED_INCLUDE_IN_FRAMEWORK_HEADER = YES;
				CLANG_WARN_RANGE_LOOP_ANALYSIS = YES;
				CLANG_WARN_STRICT_PROTOTYPES = YES;
				CLANG_WARN_SUSPICIOUS_MOVE = YES;
				CLANG_WARN_UNGUARDED_AVAILABILITY = YES_AGGRESSIVE;
				CLANG_WARN_UNREACHABLE_CODE = YES;
				CLANG_WARN__DUPLICATE_METHOD_MATCH = YES;
				COPY_PHASE_STRIP = NO;
				DEBUG_INFORMATION_FORMAT = "dwarf-with-dsym";
				ENABLE_NS_ASSERTIONS = NO;
				ENABLE_STRICT_OBJC_MSGSEND = YES;
				GCC_C_LANGUAGE_STANDARD = gnu11;
				GCC_NO_COMMON_BLOCKS = YES;
				GCC_WARN_64_TO_32_BIT_CONVERSION = YES;
				GCC_WARN_ABOUT_RETURN_TYPE = YES_ERROR;
				GCC_WARN_UNDECLARED_SELECTOR = YES;
				GCC_WARN_UNINITIALIZED_AUTOS = YES_AGGRESSIVE;
				GCC_WARN_UNUSED_FUNCTION = YES;
				GCC_WARN_UNUSED_VARIABLE = YES;
				IPHONEOS_DEPLOYMENT_TARGET = 14.4;
				MTL_ENABLE_DEBUG_INFO = NO;
				MTL_FAST_MATH = YES;
				SDKROOT = iphoneos;
				SWIFT_COMPILATION_MODE = wholemodule;
				SWIFT_OPTIMIZATION_LEVEL = "-O";
				VALIDATE_PRODUCT = YES;
			};
			name = Release;
		};
		CB55A23826DBC858001F88E3 /* Debug */ = {
			isa = XCBuildConfiguration;
			buildSettings = {
				ASSETCATALOG_COMPILER_APPICON_NAME = AppIcon;
				ASSETCATALOG_COMPILER_GLOBAL_ACCENT_COLOR_NAME = AccentColor;
				CODE_SIGN_STYLE = Automatic;
				DEVELOPMENT_ASSET_PATHS = "\"AppMarco/Preview Content\"";
				ENABLE_PREVIEWS = YES;
				INFOPLIST_FILE = AppMarco/Info.plist;
				IPHONEOS_DEPLOYMENT_TARGET = 14.0;
				LD_RUNPATH_SEARCH_PATHS = (
					"$(inherited)",
					"@executable_path/Frameworks",
				);
				PRODUCT_BUNDLE_IDENTIFIER = TecMty.AppMarco;
				PRODUCT_NAME = "$(TARGET_NAME)";
				SWIFT_VERSION = 5.0;
				TARGETED_DEVICE_FAMILY = "1,2";
			};
			name = Debug;
		};
		CB55A23926DBC858001F88E3 /* Release */ = {
			isa = XCBuildConfiguration;
			buildSettings = {
				ASSETCATALOG_COMPILER_APPICON_NAME = AppIcon;
				ASSETCATALOG_COMPILER_GLOBAL_ACCENT_COLOR_NAME = AccentColor;
				CODE_SIGN_STYLE = Automatic;
				DEVELOPMENT_ASSET_PATHS = "\"AppMarco/Preview Content\"";
				ENABLE_PREVIEWS = YES;
				INFOPLIST_FILE = AppMarco/Info.plist;
				IPHONEOS_DEPLOYMENT_TARGET = 14.0;
				LD_RUNPATH_SEARCH_PATHS = (
					"$(inherited)",
					"@executable_path/Frameworks",
				);
				PRODUCT_BUNDLE_IDENTIFIER = TecMty.AppMarco;
				PRODUCT_NAME = "$(TARGET_NAME)";
				SWIFT_VERSION = 5.0;
				TARGETED_DEVICE_FAMILY = "1,2";
			};
			name = Release;
		};
/* End XCBuildConfiguration section */

/* Begin XCConfigurationList section */
		CB55A22326DBC858001F88E3 /* Build configuration list for PBXProject "AppMarco" */ = {
			isa = XCConfigurationList;
			buildConfigurations = (
				CB55A23526DBC858001F88E3 /* Debug */,
				CB55A23626DBC858001F88E3 /* Release */,
			);
			defaultConfigurationIsVisible = 0;
			defaultConfigurationName = Release;
		};
		CB55A23726DBC858001F88E3 /* Build configuration list for PBXNativeTarget "AppMarco" */ = {
			isa = XCConfigurationList;
			buildConfigurations = (
				CB55A23826DBC858001F88E3 /* Debug */,
				CB55A23926DBC858001F88E3 /* Release */,
			);
			defaultConfigurationIsVisible = 0;
			defaultConfigurationName = Release;
		};
/* End XCConfigurationList section */

/* Begin XCRemoteSwiftPackageReference section */
		CB28B3D2270E6EBF0027DBA0 /* XCRemoteSwiftPackageReference "SDWebImageSwiftUI" */ = {
			isa = XCRemoteSwiftPackageReference;
			repositoryURL = "https://github.com/SDWebImage/SDWebImageSwiftUI.git";
			requirement = {
				kind = upToNextMajorVersion;
				minimumVersion = 2.0.2;
			};
		};
/* End XCRemoteSwiftPackageReference section */

/* Begin XCSwiftPackageProductDependency section */
		CB28B3D3270E6EBF0027DBA0 /* SDWebImageSwiftUI */ = {
			isa = XCSwiftPackageProductDependency;
			package = CB28B3D2270E6EBF0027DBA0 /* XCRemoteSwiftPackageReference "SDWebImageSwiftUI" */;
			productName = SDWebImageSwiftUI;
		};
/* End XCSwiftPackageProductDependency section */

/* Begin XCVersionGroup section */
		DFBDED5D271C8E13008E2A39 /* Model.xcdatamodeld */ = {
			isa = XCVersionGroup;
			children = (
				DFBDED5E271C8E13008E2A39 /* Model.xcdatamodel */,
			);
			currentVersion = DFBDED5E271C8E13008E2A39 /* Model.xcdatamodel */;
			path = Model.xcdatamodeld;
			sourceTree = "<group>";
			versionGroupType = wrapper.xcdatamodel;
		};
/* End XCVersionGroup section */
	};
	rootObject = CB55A22026DBC858001F88E3 /* Project object */;
}
